
Microsoft Visual Studio Solution File, Format Version 12.00
# Visual Studio Version 16
VisualStudioVersion = 16.0.31321.278
MinimumVisualStudioVersion = 10.0.40219.1
Project("{FAE04EC0-301F-11D3-BF4B-00C04F79EFBC}") = "Investz", "Investz\Investz.csproj", "{9145943D-0679-4A1D-B948-38E2AB231787}"
EndProject
Global
	GlobalSection(SolutionConfigurationPlatforms) = preSolution
		Debug|Any CPU = Debug|Any CPU
		Release|Any CPU = Release|Any CPU
	EndGlobalSection
	GlobalSection(ProjectConfigurationPlatforms) = postSolution
		{9145943D-0679-4A1D-B948-38E2AB231787}.Debug|Any CPU.ActiveCfg = Debug|Any CPU
		{9145943D-0679-4A1D-B948-38E2AB231787}.Debug|Any CPU.Build.0 = Debug|Any CPU
		{9145943D-0679-4A1D-B948-38E2AB231787}.Release|Any CPU.ActiveCfg = Release|Any CPU
		{9145943D-0679-4A1D-B948-38E2AB231787}.Release|Any CPU.Build.0 = Release|Any CPU
	EndGlobalSection
	GlobalSection(SolutionProperties) = preSolution
		HideSolutionNode = FALSE
	EndGlobalSection
	GlobalSection(ExtensibilityGlobals) = postSolution
		SolutionGuid = {143F94FB-0950-418B-A059-440290CE98B7}
	EndGlobalSection
EndGlobal
